
Microsoft Visual Studio Solution File, Format Version 12.00
Project("{FAE04EC0-301F-11D3-BF4B-00C04F79EFBC}") = "DolarAppStatementParser", "DolarAppStatementParser\DolarAppStatementParser.csproj", "{88BDB083-A29D-457A-9C5D-9CA5B0D63245}"
EndProject
Global
	GlobalSection(SolutionConfigurationPlatforms) = preSolution
		Debug|Any CPU = Debug|Any CPU
		Release|Any CPU = Release|Any CPU
	EndGlobalSection
	GlobalSection(ProjectConfigurationPlatforms) = postSolution
		{88BDB083-A29D-457A-9C5D-9CA5B0D63245}.Debug|Any CPU.ActiveCfg = Debug|Any CPU
		{88BDB083-A29D-457A-9C5D-9CA5B0D63245}.Debug|Any CPU.Build.0 = Debug|Any CPU
		{88BDB083-A29D-457A-9C5D-9CA5B0D63245}.Release|Any CPU.ActiveCfg = Release|Any CPU
		{88BDB083-A29D-457A-9C5D-9CA5B0D63245}.Release|Any CPU.Build.0 = Release|Any CPU
	EndGlobalSection
EndGlobal
